
Microsoft Visual Studio Solution File, Format Version 12.00
# Visual Studio Version 17
VisualStudioVersion = 17.2.32630.192
MinimumVisualStudioVersion = 10.0.40219.1
Project("{FAE04EC0-301F-11D3-BF4B-00C04F79EFBC}") = "BlogDev", "BlogDev.csproj", "{FB90E29D-011B-458A-9358-2AD1DC5CD420}"
EndProject
Global
	GlobalSection(SolutionConfigurationPlatforms) = preSolution
		Debug|Any CPU = Debug|Any CPU
		Release|Any CPU = Release|Any CPU
	EndGlobalSection
	GlobalSection(ProjectConfigurationPlatforms) = postSolution
		{FB90E29D-011B-458A-9358-2AD1DC5CD420}.Debug|Any CPU.ActiveCfg = Debug|Any CPU
		{FB90E29D-011B-458A-9358-2AD1DC5CD420}.Debug|Any CPU.Build.0 = Debug|Any CPU
		{FB90E29D-011B-458A-9358-2AD1DC5CD420}.Release|Any CPU.ActiveCfg = Release|Any CPU
		{FB90E29D-011B-458A-9358-2AD1DC5CD420}.Release|Any CPU.Build.0 = Release|Any CPU
	EndGlobalSection
	GlobalSection(SolutionProperties) = preSolution
		HideSolutionNode = FALSE
	EndGlobalSection
	GlobalSection(ExtensibilityGlobals) = postSolution
		SolutionGuid = {1191FBD7-8E73-45A5-B578-CD7CA31B0DC2}
	EndGlobalSection
EndGlobal
